{
  "name": "i-pokemon-webscraper",
  "version": "1.0.0",
  "lockfileVersion": 1,
  "requires": true,
  "dependencies": {
    "caf": {
      "version": "12.0.1",
      "resolved": "https://registry.npmjs.org/caf/-/caf-12.0.1.tgz",
      "integrity": "sha512-6zyBeMsHJM795cLiRr7PHJAuVaPKgswWeUzxMLyAiiB0RfQy22RLsUbZqQz5injTGoYQVhYA5nMgN9JhSBiT8Q=="
    },
    "minimist": {
      "version": "1.2.5",
      "resolved": "https://registry.npmjs.org/minimist/-/minimist-1.2.5.tgz",
      "integrity": "sha512-FM9nNUYrRBAELZQT3xeZQ7fmMOBg6nWNmJKTcgsJeaLstP/UODVpGsr5OhXhhXg6f+qtJ8uiZ+PUxkDWcgIXLw=="
    }
  }
}
